
Microsoft Visual Studio Solution File, Format Version 12.00
# Visual Studio Version 17
VisualStudioVersion = 17.6.33712.159
MinimumVisualStudioVersion = 10.0.40219.1
Project("{9A19103F-16F7-4668-BE54-9A1E7A4F7556}") = "GoldRush", "GoldRush.csproj", "{70D3472E-2E98-4753-A507-E91E9D81B75B}"
EndProject
Global
	GlobalSection(SolutionConfigurationPlatforms) = preSolution
		Debug|Any CPU = Debug|Any CPU
		Release|Any CPU = Release|Any CPU
	EndGlobalSection
	GlobalSection(ProjectConfigurationPlatforms) = postSolution
		{70D3472E-2E98-4753-A507-E91E9D81B75B}.Debug|Any CPU.ActiveCfg = Debug|Any CPU
		{70D3472E-2E98-4753-A507-E91E9D81B75B}.Debug|Any CPU.Build.0 = Debug|Any CPU
		{70D3472E-2E98-4753-A507-E91E9D81B75B}.Release|Any CPU.ActiveCfg = Release|Any CPU
		{70D3472E-2E98-4753-A507-E91E9D81B75B}.Release|Any CPU.Build.0 = Release|Any CPU
	EndGlobalSection
	GlobalSection(SolutionProperties) = preSolution
		HideSolutionNode = FALSE
	EndGlobalSection
	GlobalSection(ExtensibilityGlobals) = postSolution
		SolutionGuid = {4FBF03E2-5C48-4F73-A6A0-C78FB5B4B9CD}
	EndGlobalSection
EndGlobal
